
Microsoft Visual Studio Solution File, Format Version 12.00
# Visual Studio 15
VisualStudioVersion = 15.0.26228.9
MinimumVisualStudioVersion = 10.0.40219.1
Project("{FAE04EC0-301F-11D3-BF4B-00C04F79EFBC}") = "SerializerComparison", "SerializerComparison\SerializerComparison.csproj", "{8FBC5004-CD63-4457-9C03-8F5C3089E499}"
EndProject
Project("{8BC9CEB8-8B4A-11D0-8D11-00A0C91BC942}") = "CppSerializerComparison", "CppSerializerComparison\CppSerializerComparison.vcxproj", "{8BBEDF6B-843D-42AE-A302-F4E573927059}"
EndProject
Project("{9092AA53-FB77-4645-B42D-1CCCA6BD08BD}") = "NodejsSerializerComparison", "NodejsSerializerComparison\NodejsSerializerComparison.njsproj", "{63EDB58C-8942-4F70-A7E9-3B734C6FA28C}"
EndProject
Project("{FAE04EC0-301F-11D3-BF4B-00C04F79EFBC}") = "BoxPlotter", "BoxPlotter\BoxPlotter.csproj", "{2B535395-712A-4229-8CE9-25147AB9E2B6}"
EndProject
Global
	GlobalSection(Performance) = preSolution
		HasPerformanceSessions = true
	EndGlobalSection
	GlobalSection(SolutionConfigurationPlatforms) = preSolution
		Debug|Any CPU = Debug|Any CPU
		Debug|x64 = Debug|x64
		Debug|x86 = Debug|x86
		Release|Any CPU = Release|Any CPU
		Release|x64 = Release|x64
		Release|x86 = Release|x86
	EndGlobalSection
	GlobalSection(ProjectConfigurationPlatforms) = postSolution
		{8FBC5004-CD63-4457-9C03-8F5C3089E499}.Debug|Any CPU.ActiveCfg = Debug|Any CPU
		{8FBC5004-CD63-4457-9C03-8F5C3089E499}.Debug|Any CPU.Build.0 = Debug|Any CPU
		{8FBC5004-CD63-4457-9C03-8F5C3089E499}.Debug|x64.ActiveCfg = Debug|Any CPU
		{8FBC5004-CD63-4457-9C03-8F5C3089E499}.Debug|x64.Build.0 = Debug|Any CPU
		{8FBC5004-CD63-4457-9C03-8F5C3089E499}.Debug|x86.ActiveCfg = Debug|Any CPU
		{8FBC5004-CD63-4457-9C03-8F5C3089E499}.Debug|x86.Build.0 = Debug|Any CPU
		{8FBC5004-CD63-4457-9C03-8F5C3089E499}.Release|Any CPU.ActiveCfg = Release|Any CPU
		{8FBC5004-CD63-4457-9C03-8F5C3089E499}.Release|Any CPU.Build.0 = Release|Any CPU
		{8FBC5004-CD63-4457-9C03-8F5C3089E499}.Release|x64.ActiveCfg = Release|Any CPU
		{8FBC5004-CD63-4457-9C03-8F5C3089E499}.Release|x64.Build.0 = Release|Any CPU
		{8FBC5004-CD63-4457-9C03-8F5C3089E499}.Release|x86.ActiveCfg = Release|Any CPU
		{8FBC5004-CD63-4457-9C03-8F5C3089E499}.Release|x86.Build.0 = Release|Any CPU
		{8BBEDF6B-843D-42AE-A302-F4E573927059}.Debug|Any CPU.ActiveCfg = Debug|Win32
		{8BBEDF6B-843D-42AE-A302-F4E573927059}.Debug|x64.ActiveCfg = Debug|x64
		{8BBEDF6B-843D-42AE-A302-F4E573927059}.Debug|x64.Build.0 = Debug|x64
		{8BBEDF6B-843D-42AE-A302-F4E573927059}.Debug|x86.ActiveCfg = Debug|Win32
		{8BBEDF6B-843D-42AE-A302-F4E573927059}.Debug|x86.Build.0 = Debug|Win32
		{8BBEDF6B-843D-42AE-A302-F4E573927059}.Release|Any CPU.ActiveCfg = Release|Win32
		{8BBEDF6B-843D-42AE-A302-F4E573927059}.Release|x64.ActiveCfg = Release|x64
		{8BBEDF6B-843D-42AE-A302-F4E573927059}.Release|x64.Build.0 = Release|x64
		{8BBEDF6B-843D-42AE-A302-F4E573927059}.Release|x86.ActiveCfg = Release|Win32
		{8BBEDF6B-843D-42AE-A302-F4E573927059}.Release|x86.Build.0 = Release|Win32
		{63EDB58C-8942-4F70-A7E9-3B734C6FA28C}.Debug|Any CPU.ActiveCfg = Debug|Any CPU
		{63EDB58C-8942-4F70-A7E9-3B734C6FA28C}.Debug|Any CPU.Build.0 = Debug|Any CPU
		{63EDB58C-8942-4F70-A7E9-3B734C6FA28C}.Debug|x64.ActiveCfg = Debug|Any CPU
		{63EDB58C-8942-4F70-A7E9-3B734C6FA28C}.Debug|x64.Build.0 = Debug|Any CPU
		{63EDB58C-8942-4F70-A7E9-3B734C6FA28C}.Debug|x86.ActiveCfg = Debug|Any CPU
		{63EDB58C-8942-4F70-A7E9-3B734C6FA28C}.Debug|x86.Build.0 = Debug|Any CPU
		{63EDB58C-8942-4F70-A7E9-3B734C6FA28C}.Release|Any CPU.ActiveCfg = Release|Any CPU
		{63EDB58C-8942-4F70-A7E9-3B734C6FA28C}.Release|Any CPU.Build.0 = Release|Any CPU
		{63EDB58C-8942-4F70-A7E9-3B734C6FA28C}.Release|x64.ActiveCfg = Release|Any CPU
		{63EDB58C-8942-4F70-A7E9-3B734C6FA28C}.Release|x64.Build.0 = Release|Any CPU
		{63EDB58C-8942-4F70-A7E9-3B734C6FA28C}.Release|x86.ActiveCfg = Release|Any CPU
		{63EDB58C-8942-4F70-A7E9-3B734C6FA28C}.Release|x86.Build.0 = Release|Any CPU
		{2B535395-712A-4229-8CE9-25147AB9E2B6}.Debug|Any CPU.ActiveCfg = Debug|Any CPU
		{2B535395-712A-4229-8CE9-25147AB9E2B6}.Debug|Any CPU.Build.0 = Debug|Any CPU
		{2B535395-712A-4229-8CE9-25147AB9E2B6}.Debug|x64.ActiveCfg = Debug|Any CPU
		{2B535395-712A-4229-8CE9-25147AB9E2B6}.Debug|x64.Build.0 = Debug|Any CPU
		{2B535395-712A-4229-8CE9-25147AB9E2B6}.Debug|x86.ActiveCfg = Debug|Any CPU
		{2B535395-712A-4229-8CE9-25147AB9E2B6}.Debug|x86.Build.0 = Debug|Any CPU
		{2B535395-712A-4229-8CE9-25147AB9E2B6}.Release|Any CPU.ActiveCfg = Release|Any CPU
		{2B535395-712A-4229-8CE9-25147AB9E2B6}.Release|Any CPU.Build.0 = Release|Any CPU
		{2B535395-712A-4229-8CE9-25147AB9E2B6}.Release|x64.ActiveCfg = Release|Any CPU
		{2B535395-712A-4229-8CE9-25147AB9E2B6}.Release|x64.Build.0 = Release|Any CPU
		{2B535395-712A-4229-8CE9-25147AB9E2B6}.Release|x86.ActiveCfg = Release|Any CPU
		{2B535395-712A-4229-8CE9-25147AB9E2B6}.Release|x86.Build.0 = Release|Any CPU
	EndGlobalSection
	GlobalSection(SolutionProperties) = preSolution
		HideSolutionNode = FALSE
	EndGlobalSection
EndGlobal
